Microsoft Visual Studio Solution File, Format Version 12.00
# Visual Studio Version 17
VisualStudioVersion = 17.5.2.0
MinimumVisualStudioVersion = 10.0.40219.1
Project("{FAE04EC0-301F-11D3-BF4B-00C04F79EFBC}") = "WpfFluentUiMvc", "WpfFluentUiMvc\WpfFluentUiMvc.csproj", "{8579E1B4-9C08-20B8-56F4-E37D7563965C}"
EndProject
Global
	GlobalSection(SolutionConfigurationPlatforms) = preSolution
		Debug|Any CPU = Debug|Any CPU
		Release|Any CPU = Release|Any CPU
	EndGlobalSection
	GlobalSection(ProjectConfigurationPlatforms) = postSolution
		{8579E1B4-9C08-20B8-56F4-E37D7563965C}.Debug|Any CPU.ActiveCfg = Debug|Any CPU
		{8579E1B4-9C08-20B8-56F4-E37D7563965C}.Debug|Any CPU.Build.0 = Debug|Any CPU
		{8579E1B4-9C08-20B8-56F4-E37D7563965C}.Release|Any CPU.ActiveCfg = Release|Any CPU
		{8579E1B4-9C08-20B8-56F4-E37D7563965C}.Release|Any CPU.Build.0 = Release|Any CPU
	EndGlobalSection
	GlobalSection(SolutionProperties) = preSolution
		HideSolutionNode = FALSE
	EndGlobalSection
	GlobalSection(ExtensibilityGlobals) = postSolution
		SolutionGuid = {D4908BBC-0F7A-486D-A748-4160485D42C7}
	EndGlobalSection
EndGlobal
